
Microsoft Visual Studio Solution File, Format Version 12.00
# Visual Studio Version 17
VisualStudioVersion = 17.14.36705.20 d17.14
MinimumVisualStudioVersion = 10.0.40219.1
Project("{FAE04EC0-301F-11D3-BF4B-00C04F79EFBC}") = "FakeLetterGenerator", "FakeLetterGenerator.csproj", "{73504263-D3A2-4758-88ED-08E6B9F8172A}"
EndProject
Global
	GlobalSection(SolutionConfigurationPlatforms) = preSolution
		Debug|Any CPU = Debug|Any CPU
		Release|Any CPU = Release|Any CPU
	EndGlobalSection
	GlobalSection(ProjectConfigurationPlatforms) = postSolution
		{73504263-D3A2-4758-88ED-08E6B9F8172A}.Debug|Any CPU.ActiveCfg = Debug|Any CPU
		{73504263-D3A2-4758-88ED-08E6B9F8172A}.Debug|Any CPU.Build.0 = Debug|Any CPU
		{73504263-D3A2-4758-88ED-08E6B9F8172A}.Release|Any CPU.ActiveCfg = Release|Any CPU
		{73504263-D3A2-4758-88ED-08E6B9F8172A}.Release|Any CPU.Build.0 = Release|Any CPU
	EndGlobalSection
	GlobalSection(SolutionProperties) = preSolution
		HideSolutionNode = FALSE
	EndGlobalSection
	GlobalSection(ExtensibilityGlobals) = postSolution
		SolutionGuid = {B79E3D9D-72C5-4447-BDE0-DD7E485ACD0B}
	EndGlobalSection
EndGlobal
